
Microsoft Visual Studio Solution File, Format Version 12.00
# Visual Studio 15
VisualStudioVersion = 15.0.28010.2003
MinimumVisualStudioVersion = 10.0.40219.1
Project("{FAE04EC0-301F-11D3-BF4B-00C04F79EFBC}") = "PetShopMenu", "PetShopMenu\PetShopMenu.csproj", "{629E4B95-C10E-4811-BF4E-BDEECD3E5AE3}"
EndProject
Global
	GlobalSection(SolutionConfigurationPlatforms) = preSolution
		Debug|Any CPU = Debug|Any CPU
		Release|Any CPU = Release|Any CPU
	EndGlobalSection
	GlobalSection(ProjectConfigurationPlatforms) = postSolution
		{629E4B95-C10E-4811-BF4E-BDEECD3E5AE3}.Debug|Any CPU.ActiveCfg = Debug|Any CPU
		{629E4B95-C10E-4811-BF4E-BDEECD3E5AE3}.Debug|Any CPU.Build.0 = Debug|Any CPU
		{629E4B95-C10E-4811-BF4E-BDEECD3E5AE3}.Release|Any CPU.ActiveCfg = Release|Any CPU
		{629E4B95-C10E-4811-BF4E-BDEECD3E5AE3}.Release|Any CPU.Build.0 = Release|Any CPU
	EndGlobalSection
	GlobalSection(SolutionProperties) = preSolution
		HideSolutionNode = FALSE
	EndGlobalSection
	GlobalSection(ExtensibilityGlobals) = postSolution
		SolutionGuid = {EA71DCF8-9D64-4F91-BFB4-D2A821B2B1A6}
	EndGlobalSection
EndGlobal
